
Microsoft Visual Studio Solution File, Format Version 12.00
# Visual Studio Version 16
VisualStudioVersion = 16.0.30503.244
MinimumVisualStudioVersion = 10.0.40219.1
Project("{FAE04EC0-301F-11D3-BF4B-00C04F79EFBC}") = "InterviewSimulation", "InterviewSimulation.csproj", "{83E67BF5-8777-4406-B5E8-DE48D614A936}"
EndProject
Global
	GlobalSection(SolutionConfigurationPlatforms) = preSolution
		Debug|Any CPU = Debug|Any CPU
		Release|Any CPU = Release|Any CPU
	EndGlobalSection
	GlobalSection(ProjectConfigurationPlatforms) = postSolution
		{83E67BF5-8777-4406-B5E8-DE48D614A936}.Debug|Any CPU.ActiveCfg = Debug|Any CPU
		{83E67BF5-8777-4406-B5E8-DE48D614A936}.Debug|Any CPU.Build.0 = Debug|Any CPU
		{83E67BF5-8777-4406-B5E8-DE48D614A936}.Release|Any CPU.ActiveCfg = Release|Any CPU
		{83E67BF5-8777-4406-B5E8-DE48D614A936}.Release|Any CPU.Build.0 = Release|Any CPU
	EndGlobalSection
	GlobalSection(SolutionProperties) = preSolution
		HideSolutionNode = FALSE
	EndGlobalSection
	GlobalSection(ExtensibilityGlobals) = postSolution
		SolutionGuid = {49E4BBD7-0956-47F1-996E-3BBFF2D5BA19}
	EndGlobalSection
EndGlobal
